
Microsoft Visual Studio Solution File, Format Version 12.00
# Visual Studio Version 17
VisualStudioVersion = 17.0.31903.59
MinimumVisualStudioVersion = 10.0.40219.1
Project("{FAE04EC0-301F-11D3-BF4B-00C04F79EFBC}") = "TaskManagement.Web", "TaskManagement.Web\TaskManagement.Web.csproj", "{2EA7BFF0-B263-44BD-9BF7-65EA737B5543}"
EndProject
Project("{FAE04EC0-301F-11D3-BF4B-00C04F79EFBC}") = "TaskManagement.Core", "TaskManagement.Core\TaskManagement.Core.csproj", "{FC0A1841-51CA-4D58-B258-531A842BACD9}"
EndProject
Project("{FAE04EC0-301F-11D3-BF4B-00C04F79EFBC}") = "TaskManagement.Data", "TaskManagement.Data\TaskManagement.Data.csproj", "{4B52CB07-0BC1-4D1D-A737-094CB83C0532}"
EndProject
Project("{FAE04EC0-301F-11D3-BF4B-00C04F79EFBC}") = "TaskManagement.Primitives", "TaskManagement.Models\TaskManagement.Primitives.csproj", "{C6033ADF-6032-4F62-B73F-849C93DD7498}"
EndProject
Global
	GlobalSection(SolutionConfigurationPlatforms) = preSolution
		Debug|Any CPU = Debug|Any CPU
		Release|Any CPU = Release|Any CPU
	EndGlobalSection
	GlobalSection(ProjectConfigurationPlatforms) = postSolution
		{2EA7BFF0-B263-44BD-9BF7-65EA737B5543}.Debug|Any CPU.ActiveCfg = Debug|Any CPU
		{2EA7BFF0-B263-44BD-9BF7-65EA737B5543}.Debug|Any CPU.Build.0 = Debug|Any CPU
		{2EA7BFF0-B263-44BD-9BF7-65EA737B5543}.Release|Any CPU.ActiveCfg = Release|Any CPU
		{2EA7BFF0-B263-44BD-9BF7-65EA737B5543}.Release|Any CPU.Build.0 = Release|Any CPU
		{FC0A1841-51CA-4D58-B258-531A842BACD9}.Debug|Any CPU.ActiveCfg = Debug|Any CPU
		{FC0A1841-51CA-4D58-B258-531A842BACD9}.Debug|Any CPU.Build.0 = Debug|Any CPU
		{FC0A1841-51CA-4D58-B258-531A842BACD9}.Release|Any CPU.ActiveCfg = Release|Any CPU
		{FC0A1841-51CA-4D58-B258-531A842BACD9}.Release|Any CPU.Build.0 = Release|Any CPU
		{4B52CB07-0BC1-4D1D-A737-094CB83C0532}.Debug|Any CPU.ActiveCfg = Debug|Any CPU
		{4B52CB07-0BC1-4D1D-A737-094CB83C0532}.Debug|Any CPU.Build.0 = Debug|Any CPU
		{4B52CB07-0BC1-4D1D-A737-094CB83C0532}.Release|Any CPU.ActiveCfg = Release|Any CPU
		{4B52CB07-0BC1-4D1D-A737-094CB83C0532}.Release|Any CPU.Build.0 = Release|Any CPU
		{C6033ADF-6032-4F62-B73F-849C93DD7498}.Debug|Any CPU.ActiveCfg = Debug|Any CPU
		{C6033ADF-6032-4F62-B73F-849C93DD7498}.Debug|Any CPU.Build.0 = Debug|Any CPU
		{C6033ADF-6032-4F62-B73F-849C93DD7498}.Release|Any CPU.ActiveCfg = Release|Any CPU
		{C6033ADF-6032-4F62-B73F-849C93DD7498}.Release|Any CPU.Build.0 = Release|Any CPU
	EndGlobalSection
	GlobalSection(SolutionProperties) = preSolution
		HideSolutionNode = FALSE
	EndGlobalSection
EndGlobal
